# This file is generated by running "yarn install" inside your project.
# Manual changes might be lost - proceed with caution!

__metadata:
  version: 6
  cacheKey: 8

"docker-express@workspace:.":
  version: 0.0.0-use.local
  resolution: "docker-express@workspace:."
  dependencies:
    rapid-client: ^1.1.60
  languageName: unknown
  linkType: soft

"rapid-client@npm:^1.1.60":
  version: 1.1.60
  resolution: "rapid-client@npm:1.1.60"
  checksum: be68f9b8f0cd409a29acd40704511721c1c1a9bb66d61d338ec6a9acfe2fd6b50f0c4faa828253fdbc01d7600be983c381a75e992e7f021653f008fa904e86a2
  languageName: node
  linkType: hard
